
Microsoft Visual Studio Solution File, Format Version 12.00
# Visual Studio Version 16
VisualStudioVersion = 16.0.810.22
MinimumVisualStudioVersion = 10.0.40219.1
Project("{FAE04EC0-301F-11D3-BF4B-00C04F79EFBC}") = "Ащев_ветвление_1", "Ащев_ветвление_1\Ащев_ветвление_1.csproj", "{284F9E3D-9644-4C02-9415-C8316F3CE50C}"
EndProject
Global
	GlobalSection(SolutionConfigurationPlatforms) = preSolution
		Debug|Any CPU = Debug|Any CPU
		Release|Any CPU = Release|Any CPU
	EndGlobalSection
	GlobalSection(ProjectConfigurationPlatforms) = postSolution
		{284F9E3D-9644-4C02-9415-C8316F3CE50C}.Debug|Any CPU.ActiveCfg = Debug|Any CPU
		{284F9E3D-9644-4C02-9415-C8316F3CE50C}.Debug|Any CPU.Build.0 = Debug|Any CPU
		{284F9E3D-9644-4C02-9415-C8316F3CE50C}.Release|Any CPU.ActiveCfg = Release|Any CPU
		{284F9E3D-9644-4C02-9415-C8316F3CE50C}.Release|Any CPU.Build.0 = Release|Any CPU
	EndGlobalSection
	GlobalSection(SolutionProperties) = preSolution
		HideSolutionNode = FALSE
	EndGlobalSection
	GlobalSection(ExtensibilityGlobals) = postSolution
		SolutionGuid = {2AF87C2F-EE3F-4C50-B1E6-04323DCC32E4}
	EndGlobalSection
EndGlobal
