
Microsoft Visual Studio Solution File, Format Version 12.00
# Visual Studio Version 16
VisualStudioVersion = 16.0.32228.343
MinimumVisualStudioVersion = 10.0.40219.1
Project("{FAE04EC0-301F-11D3-BF4B-00C04F79EFBC}") = "Ащев табулирование функции", "Ащев табулирование функции.csproj", "{1124ABD2-5318-4698-9975-96F474B90816}"
EndProject
Global
	GlobalSection(SolutionConfigurationPlatforms) = preSolution
		Debug|Any CPU = Debug|Any CPU
		Release|Any CPU = Release|Any CPU
	EndGlobalSection
	GlobalSection(ProjectConfigurationPlatforms) = postSolution
		{1124ABD2-5318-4698-9975-96F474B90816}.Debug|Any CPU.ActiveCfg = Debug|Any CPU
		{1124ABD2-5318-4698-9975-96F474B90816}.Debug|Any CPU.Build.0 = Debug|Any CPU
		{1124ABD2-5318-4698-9975-96F474B90816}.Release|Any CPU.ActiveCfg = Release|Any CPU
		{1124ABD2-5318-4698-9975-96F474B90816}.Release|Any CPU.Build.0 = Release|Any CPU
	EndGlobalSection
	GlobalSection(SolutionProperties) = preSolution
		HideSolutionNode = FALSE
	EndGlobalSection
	GlobalSection(ExtensibilityGlobals) = postSolution
		SolutionGuid = {2B252185-1200-46ED-B136-FA9D5599C09A}
	EndGlobalSection
EndGlobal
