
Microsoft Visual Studio Solution File, Format Version 12.00
# Visual Studio Version 17
VisualStudioVersion = 17.1.32319.34
MinimumVisualStudioVersion = 10.0.40219.1
Project("{FAE04EC0-301F-11D3-BF4B-00C04F79EFBC}") = "Ащев", "Ащев.csproj", "{BD143167-BF7F-4565-B6D0-DD9153C644FE}"
EndProject
Global
	GlobalSection(SolutionConfigurationPlatforms) = preSolution
		Debug|Any CPU = Debug|Any CPU
		Release|Any CPU = Release|Any CPU
	EndGlobalSection
	GlobalSection(ProjectConfigurationPlatforms) = postSolution
		{BD143167-BF7F-4565-B6D0-DD9153C644FE}.Debug|Any CPU.ActiveCfg = Debug|Any CPU
		{BD143167-BF7F-4565-B6D0-DD9153C644FE}.Debug|Any CPU.Build.0 = Debug|Any CPU
		{BD143167-BF7F-4565-B6D0-DD9153C644FE}.Release|Any CPU.ActiveCfg = Release|Any CPU
		{BD143167-BF7F-4565-B6D0-DD9153C644FE}.Release|Any CPU.Build.0 = Release|Any CPU
	EndGlobalSection
	GlobalSection(SolutionProperties) = preSolution
		HideSolutionNode = FALSE
	EndGlobalSection
	GlobalSection(ExtensibilityGlobals) = postSolution
		SolutionGuid = {279651CC-825D-4E87-932E-7B515C69C357}
	EndGlobalSection
EndGlobal
